
Microsoft Visual Studio Solution File, Format Version 12.00
# Visual Studio 15
VisualStudioVersion = 15.0.27703.2042
MinimumVisualStudioVersion = 10.0.40219.1
Project("{FAE04EC0-301F-11D3-BF4B-00C04F79EFBC}") = "NPCGen", "NPCGen\NPCGen.csproj", "{C1A3B4BB-B7DB-4014-BFA8-F19BDA149A97}"
EndProject
Project("{FAE04EC0-301F-11D3-BF4B-00C04F79EFBC}") = "Data", "Data\Data.csproj", "{791DAD44-973A-4D7D-A0D0-A472813AADC6}"
EndProject
Project("{FAE04EC0-301F-11D3-BF4B-00C04F79EFBC}") = "ValuesGenerator", "ValuesGenerator\ValuesGenerator.csproj", "{08271D4E-1889-4506-90AD-92A5347291FE}"
EndProject
Global
	GlobalSection(SolutionConfigurationPlatforms) = preSolution
		Debug|Any CPU = Debug|Any CPU
		Release|Any CPU = Release|Any CPU
	EndGlobalSection
	GlobalSection(ProjectConfigurationPlatforms) = postSolution
		{C1A3B4BB-B7DB-4014-BFA8-F19BDA149A97}.Debug|Any CPU.ActiveCfg = Debug|Any CPU
		{C1A3B4BB-B7DB-4014-BFA8-F19BDA149A97}.Debug|Any CPU.Build.0 = Debug|Any CPU
		{C1A3B4BB-B7DB-4014-BFA8-F19BDA149A97}.Release|Any CPU.ActiveCfg = Release|Any CPU
		{C1A3B4BB-B7DB-4014-BFA8-F19BDA149A97}.Release|Any CPU.Build.0 = Release|Any CPU
		{791DAD44-973A-4D7D-A0D0-A472813AADC6}.Debug|Any CPU.ActiveCfg = Debug|Any CPU
		{791DAD44-973A-4D7D-A0D0-A472813AADC6}.Debug|Any CPU.Build.0 = Debug|Any CPU
		{791DAD44-973A-4D7D-A0D0-A472813AADC6}.Release|Any CPU.ActiveCfg = Release|Any CPU
		{791DAD44-973A-4D7D-A0D0-A472813AADC6}.Release|Any CPU.Build.0 = Release|Any CPU
		{08271D4E-1889-4506-90AD-92A5347291FE}.Debug|Any CPU.ActiveCfg = Debug|Any CPU
		{08271D4E-1889-4506-90AD-92A5347291FE}.Debug|Any CPU.Build.0 = Debug|Any CPU
		{08271D4E-1889-4506-90AD-92A5347291FE}.Release|Any CPU.ActiveCfg = Release|Any CPU
		{08271D4E-1889-4506-90AD-92A5347291FE}.Release|Any CPU.Build.0 = Release|Any CPU
	EndGlobalSection
	GlobalSection(SolutionProperties) = preSolution
		HideSolutionNode = FALSE
	EndGlobalSection
	GlobalSection(ExtensibilityGlobals) = postSolution
		SolutionGuid = {C9A78D00-3ACB-4296-9D20-CB68F7B3FE54}
	EndGlobalSection
EndGlobal
